# This file is automatically @generated by Cargo.
# It is not intended for manual editing.
[[package]]
name = "bitflags"
version = "0.1.1"
source = "registry+https://github.com/rust-lang/crates.io-index"
checksum = "2a6577517ecd0ee0934f48a7295a89aaef3e6dfafeac404f94c0b3448518ddfe"

[[package]]
name = "nix"
version = "0.2.3"
source = "registry+https://github.com/rust-lang/crates.io-index"
checksum = "471cf4108c31410100bb2f15821e69bf5c25c9878cdcad162d12855d360047aa"
dependencies = [
 "bitflags",
]

[[package]]
name = "own_container_poc"
version = "0.1.0"
dependencies = [
 "nix",
]
